
Microsoft Visual Studio Solution File, Format Version 12.00
# Visual Studio Version 17
VisualStudioVersion = 17.11.35312.102
MinimumVisualStudioVersion = 10.0.40219.1
Project("{FAE04EC0-301F-11D3-BF4B-00C04F79EFBC}") = "PMS.Repository", "PMS.Repository\PMS.Repository.csproj", "{65DF45A8-10A8-42B7-A262-78D8537E2871}"
EndProject
Project("{FAE04EC0-301F-11D3-BF4B-00C04F79EFBC}") = "PMS.APIService", "PMS.APIService\PMS.APIService.csproj", "{3EF883FA-B263-4B57-A570-569F46706DB9}"
EndProject
Global
	GlobalSection(SolutionConfigurationPlatforms) = preSolution
		Debug|Any CPU = Debug|Any CPU
		Release|Any CPU = Release|Any CPU
	EndGlobalSection
	GlobalSection(ProjectConfigurationPlatforms) = postSolution
		{65DF45A8-10A8-42B7-A262-78D8537E2871}.Debug|Any CPU.ActiveCfg = Debug|Any CPU
		{65DF45A8-10A8-42B7-A262-78D8537E2871}.Debug|Any CPU.Build.0 = Debug|Any CPU
		{65DF45A8-10A8-42B7-A262-78D8537E2871}.Release|Any CPU.ActiveCfg = Release|Any CPU
		{65DF45A8-10A8-42B7-A262-78D8537E2871}.Release|Any CPU.Build.0 = Release|Any CPU
		{3EF883FA-B263-4B57-A570-569F46706DB9}.Debug|Any CPU.ActiveCfg = Debug|Any CPU
		{3EF883FA-B263-4B57-A570-569F46706DB9}.Debug|Any CPU.Build.0 = Debug|Any CPU
		{3EF883FA-B263-4B57-A570-569F46706DB9}.Release|Any CPU.ActiveCfg = Release|Any CPU
		{3EF883FA-B263-4B57-A570-569F46706DB9}.Release|Any CPU.Build.0 = Release|Any CPU
	EndGlobalSection
	GlobalSection(SolutionProperties) = preSolution
		HideSolutionNode = FALSE
	EndGlobalSection
	GlobalSection(ExtensibilityGlobals) = postSolution
		SolutionGuid = {131B6F26-7920-4352-A58F-495F2AA1E545}
	EndGlobalSection
EndGlobal
