
Microsoft Visual Studio Solution File, Format Version 12.00
# Visual Studio Version 17
VisualStudioVersion = 17.11.35222.181
MinimumVisualStudioVersion = 10.0.40219.1
Project("{FAE04EC0-301F-11D3-BF4B-00C04F79EFBC}") = "SWP391.KCSAH.Repository", "SWP391.KCSAH.Repository\SWP391.KCSAH.Repository.csproj", "{C1A589C4-63E9-4B5D-9E7C-E53B336BF22D}"
EndProject
Project("{FAE04EC0-301F-11D3-BF4B-00C04F79EFBC}") = "KCSAH.APIServer", "KCSAH.APIServer\KCSAH.APIServer.csproj", "{1035ABAA-DF35-4EB8-911D-09672534BE4B}"
EndProject
Global
	GlobalSection(SolutionConfigurationPlatforms) = preSolution
		Debug|Any CPU = Debug|Any CPU
		Release|Any CPU = Release|Any CPU
	EndGlobalSection
	GlobalSection(ProjectConfigurationPlatforms) = postSolution
		{C1A589C4-63E9-4B5D-9E7C-E53B336BF22D}.Debug|Any CPU.ActiveCfg = Debug|Any CPU
		{C1A589C4-63E9-4B5D-9E7C-E53B336BF22D}.Debug|Any CPU.Build.0 = Debug|Any CPU
		{C1A589C4-63E9-4B5D-9E7C-E53B336BF22D}.Release|Any CPU.ActiveCfg = Release|Any CPU
		{C1A589C4-63E9-4B5D-9E7C-E53B336BF22D}.Release|Any CPU.Build.0 = Release|Any CPU
		{1035ABAA-DF35-4EB8-911D-09672534BE4B}.Debug|Any CPU.ActiveCfg = Debug|Any CPU
		{1035ABAA-DF35-4EB8-911D-09672534BE4B}.Debug|Any CPU.Build.0 = Debug|Any CPU
		{1035ABAA-DF35-4EB8-911D-09672534BE4B}.Release|Any CPU.ActiveCfg = Release|Any CPU
		{1035ABAA-DF35-4EB8-911D-09672534BE4B}.Release|Any CPU.Build.0 = Release|Any CPU
	EndGlobalSection
	GlobalSection(SolutionProperties) = preSolution
		HideSolutionNode = FALSE
	EndGlobalSection
	GlobalSection(ExtensibilityGlobals) = postSolution
		SolutionGuid = {B19460C2-B1BB-4888-AA1E-381A48E4B3A7}
	EndGlobalSection
EndGlobal
