
Microsoft Visual Studio Solution File, Format Version 12.00
# Visual Studio Version 17
VisualStudioVersion = 17.11.35312.102
MinimumVisualStudioVersion = 10.0.40219.1
Project("{FAE04EC0-301F-11D3-BF4B-00C04F79EFBC}") = "Demo.Domain", "Demo.Domain\Demo.Domain.csproj", "{524E5712-2881-4795-A874-39308CAB4890}"
EndProject
Global
	GlobalSection(SolutionConfigurationPlatforms) = preSolution
		Debug|Any CPU = Debug|Any CPU
		Release|Any CPU = Release|Any CPU
	EndGlobalSection
	GlobalSection(ProjectConfigurationPlatforms) = postSolution
		{524E5712-2881-4795-A874-39308CAB4890}.Debug|Any CPU.ActiveCfg = Debug|Any CPU
		{524E5712-2881-4795-A874-39308CAB4890}.Debug|Any CPU.Build.0 = Debug|Any CPU
		{524E5712-2881-4795-A874-39308CAB4890}.Release|Any CPU.ActiveCfg = Release|Any CPU
		{524E5712-2881-4795-A874-39308CAB4890}.Release|Any CPU.Build.0 = Release|Any CPU
	EndGlobalSection
	GlobalSection(SolutionProperties) = preSolution
		HideSolutionNode = FALSE
	EndGlobalSection
	GlobalSection(ExtensibilityGlobals) = postSolution
		SolutionGuid = {FC276242-261F-4073-92D9-A78C4FC4E6B6}
	EndGlobalSection
EndGlobal
